{
  "version": 4,
  "terraform_version": "1.5.7",
  "serial": 267,
  "lineage": "1ad8a8db-b46f-35f8-93d0-dfab554fc8a2",
  "outputs": {
    "cloudfront_urls": {
      "value": "https://d16vnzk5fbs17e.cloudfront.net",
      "type": "string"
    }
  },
  "resources": [
    {
      "mode": "data",
      "type": "aws_caller_identity",
      "name": "current",
      "provider": "provider[\"registry.terraform.io/hashicorp/aws\"]",
      "instances": [
        {
          "schema_version": 0,
          "attributes": {
            "account_id": "863518443980",
            "arn": "arn:aws:iam::863518443980:user/jon-cli",
            "id": "863518443980",
            "user_id": "AIDA4SDNVZHGARQBB56NZ"
          },
          "sensitive_attributes": []
        }
      ]
    },
    {
      "mode": "managed",
      "type": "aws_acm_certificate",
      "name": "cf_cert",
      "provider": "provider[\"registry.terraform.io/hashicorp/aws\"]",
      "instances": [
        {
          "schema_version": 0,
          "attributes": {
            "arn": "arn:aws:acm:us-east-1:863518443980:certificate/c2705607-6974-420f-b000-b444e99117b8",
            "certificate_authority_arn": "",
            "certificate_body": null,
            "certificate_chain": null,
            "domain_name": "tronco.so",
            "domain_validation_options": [
              {
                "domain_name": "jon.tronco.so",
                "resource_record_name": "_b1c9762d47fc766c80b178b40fbb3423.jon.tronco.so.",
                "resource_record_type": "CNAME",
                "resource_record_value": "_90764557efed490620c9e2a26963059e.xlfgrmvvlj.acm-validations.aws."
              },
              {
                "domain_name": "tronco.so",
                "resource_record_name": "_2fafd19a6614de5afa95f954de01bc93.tronco.so.",
                "resource_record_type": "CNAME",
                "resource_record_value": "_93513d714596a28d1efa737d952d3919.xlfgrmvvlj.acm-validations.aws."
              }
            ],
            "early_renewal_duration": "",
            "id": "arn:aws:acm:us-east-1:863518443980:certificate/c2705607-6974-420f-b000-b444e99117b8",
            "key_algorithm": "RSA_2048",
            "not_after": "2026-10-14T23:59:59Z",
            "not_before": "2025-09-15T00:00:00Z",
            "options": [
              {
                "certificate_transparency_logging_preference": "ENABLED",
                "export": "DISABLED"
              }
            ],
            "pending_renewal": false,
            "private_key": null,
            "region": "us-east-1",
            "renewal_eligibility": "ELIGIBLE",
            "renewal_summary": [],
            "status": "ISSUED",
            "subject_alternative_names": [
              "jon.tronco.so",
              "tronco.so"
            ],
            "tags": {},
            "tags_all": {},
            "type": "AMAZON_ISSUED",
            "validation_emails": [],
            "validation_method": "DNS",
            "validation_option": []
          },
          "sensitive_attributes": [],
          "private": "bnVsbA=="
        }
      ]
    },
    {
      "mode": "managed",
      "type": "aws_acm_certificate_validation",
      "name": "cf_cert_validation",
      "provider": "provider[\"registry.terraform.io/hashicorp/aws\"]",
      "instances": [
        {
          "schema_version": 0,
          "attributes": {
            "certificate_arn": "arn:aws:acm:us-east-1:863518443980:certificate/c2705607-6974-420f-b000-b444e99117b8",
            "id": "2025-09-15 02:20:19.814 +0000 UTC",
            "region": "us-east-1",
            "timeouts": null,
            "validation_record_fqdns": [
              "_2fafd19a6614de5afa95f954de01bc93.tronco.so",
              "_b1c9762d47fc766c80b178b40fbb3423.jon.tronco.so"
            ]
          },
          "sensitive_attributes": [],
          "private": "eyJlMmJmYjczMC1lY2FhLTExZTYtOGY4OC0zNDM2M2JjN2M0YzAiOnsiY3JlYXRlIjo0NTAwMDAwMDAwMDAwfX0=",
          "dependencies": [
            "aws_acm_certificate.cf_cert",
            "aws_route53_record.cf_cert_validation",
            "aws_route53_zone.main"
          ]
        }
      ]
    },
    {
      "mode": "managed",
      "type": "aws_cloudfront_distribution",
      "name": "react_apps",
      "provider": "provider[\"registry.terraform.io/hashicorp/aws\"]",
      "instances": [
        {
          "schema_version": 1,
          "attributes": {
            "aliases": [
              "jon.tronco.so"
            ],
            "anycast_ip_list_id": "",
            "arn": "arn:aws:cloudfront::863518443980:distribution/EHHSX36DT3246",
            "caller_reference": "terraform-20250914065213210400000001",
            "comment": "React app troncoso-public distribution",
            "continuous_deployment_policy_id": "",
            "custom_error_response": [
              {
                "error_caching_min_ttl": 300,
                "error_code": 403,
                "response_code": 200,
                "response_page_path": "/index.html"
              }
            ],
            "default_cache_behavior": [
              {
                "allowed_methods": [
                  "GET",
                  "HEAD",
                  "OPTIONS"
                ],
                "cache_policy_id": "",
                "cached_methods": [
                  "GET",
                  "HEAD"
                ],
                "compress": false,
                "default_ttl": 0,
                "field_level_encryption_id": "",
                "forwarded_values": [
                  {
                    "cookies": [
                      {
                        "forward": "none",
                        "whitelisted_names": []
                      }
                    ],
                    "headers": [],
                    "query_string": false,
                    "query_string_cache_keys": []
                  }
                ],
                "function_association": [],
                "grpc_config": [
                  {
                    "enabled": false
                  }
                ],
                "lambda_function_association": [],
                "max_ttl": 0,
                "min_ttl": 0,
                "origin_request_policy_id": "",
                "realtime_log_config_arn": "",
                "response_headers_policy_id": "",
                "smooth_streaming": false,
                "target_origin_id": "troncoso-public",
                "trusted_key_groups": [],
                "trusted_signers": [],
                "viewer_protocol_policy": "redirect-to-https"
              }
            ],
            "default_root_object": "index.html",
            "domain_name": "d16vnzk5fbs17e.cloudfront.net",
            "enabled": true,
            "etag": "E10KKIT8HMLMH5",
            "hosted_zone_id": "Z2FDTNDATAQYW2",
            "http_version": "http2",
            "id": "EHHSX36DT3246",
            "in_progress_validation_batches": 0,
            "is_ipv6_enabled": true,
            "last_modified_time": "2025-09-15 02:20:36.444 +0000 UTC",
            "logging_config": [],
            "ordered_cache_behavior": [],
            "origin": [
              {
                "connection_attempts": 3,
                "connection_timeout": 10,
                "custom_header": [],
                "custom_origin_config": [
                  {
                    "http_port": 80,
                    "https_port": 443,
                    "origin_keepalive_timeout": 5,
                    "origin_protocol_policy": "http-only",
                    "origin_read_timeout": 30,
                    "origin_ssl_protocols": [
                      "TLSv1.2"
                    ]
                  }
                ],
                "domain_name": "troncoso-public.s3.us-east-1.amazonaws.com",
                "origin_access_control_id": "",
                "origin_id": "troncoso-public",
                "origin_path": "/troncoso",
                "origin_shield": [],
                "response_completion_timeout": 0,
                "s3_origin_config": [],
                "vpc_origin_config": []
              }
            ],
            "origin_group": [],
            "price_class": "PriceClass_100",
            "restrictions": [
              {
                "geo_restriction": [
                  {
                    "locations": [],
                    "restriction_type": "none"
                  }
                ]
              }
            ],
            "retain_on_delete": false,
            "staging": false,
            "status": "Deployed",
            "tags": {},
            "tags_all": {},
            "trusted_key_groups": [
              {
                "enabled": false,
                "items": []
              }
            ],
            "trusted_signers": [
              {
                "enabled": false,
                "items": []
              }
            ],
            "viewer_certificate": [
              {
                "acm_certificate_arn": "arn:aws:acm:us-east-1:863518443980:certificate/c2705607-6974-420f-b000-b444e99117b8",
                "cloudfront_default_certificate": false,
                "iam_certificate_id": "",
                "minimum_protocol_version": "TLSv1.2_2021",
                "ssl_support_method": "sni-only"
              }
            ],
            "wait_for_deployment": true,
            "web_acl_id": ""
          },
          "sensitive_attributes": [],
          "private": "eyJzY2hlbWFfdmVyc2lvbiI6IjEifQ==",
          "dependencies": [
            "aws_acm_certificate.cf_cert",
            "aws_acm_certificate_validation.cf_cert_validation",
            "aws_route53_record.cf_cert_validation",
            "aws_route53_zone.main",
            "aws_s3_bucket.react_apps"
          ]
        }
      ]
    },
    {
      "mode": "managed",
      "type": "aws_route53_record",
      "name": "cf_cert_validation",
      "provider": "provider[\"registry.terraform.io/hashicorp/aws\"]",
      "instances": [
        {
          "index_key": "jon.tronco.so",
          "schema_version": 2,
          "attributes": {
            "alias": [],
            "allow_overwrite": null,
            "cidr_routing_policy": [],
            "failover_routing_policy": [],
            "fqdn": "_b1c9762d47fc766c80b178b40fbb3423.jon.tronco.so",
            "geolocation_routing_policy": [],
            "geoproximity_routing_policy": [],
            "health_check_id": "",
            "id": "Z0253711396A5G9VVQ41W__b1c9762d47fc766c80b178b40fbb3423.jon.tronco.so._CNAME",
            "latency_routing_policy": [],
            "multivalue_answer_routing_policy": false,
            "name": "_b1c9762d47fc766c80b178b40fbb3423.jon.tronco.so",
            "records": [
              "_90764557efed490620c9e2a26963059e.xlfgrmvvlj.acm-validations.aws."
            ],
            "set_identifier": "",
            "timeouts": null,
            "ttl": 60,
            "type": "CNAME",
            "weighted_routing_policy": [],
            "zone_id": "Z0253711396A5G9VVQ41W"
          },
          "sensitive_attributes": [],
          "private": "eyJlMmJmYjczMC1lY2FhLTExZTYtOGY4OC0zNDM2M2JjN2M0YzAiOnsiY3JlYXRlIjoxODAwMDAwMDAwMDAwLCJkZWxldGUiOjE4MDAwMDAwMDAwMDAsInVwZGF0ZSI6MTgwMDAwMDAwMDAwMH0sInNjaGVtYV92ZXJzaW9uIjoiMiJ9",
          "dependencies": [
            "aws_acm_certificate.cf_cert",
            "aws_route53_zone.main"
          ]
        },
        {
          "index_key": "tronco.so",
          "schema_version": 2,
          "attributes": {
            "alias": [],
            "allow_overwrite": null,
            "cidr_routing_policy": [],
            "failover_routing_policy": [],
            "fqdn": "_2fafd19a6614de5afa95f954de01bc93.tronco.so",
            "geolocation_routing_policy": [],
            "geoproximity_routing_policy": [],
            "health_check_id": "",
            "id": "Z0253711396A5G9VVQ41W__2fafd19a6614de5afa95f954de01bc93.tronco.so._CNAME",
            "latency_routing_policy": [],
            "multivalue_answer_routing_policy": false,
            "name": "_2fafd19a6614de5afa95f954de01bc93.tronco.so",
            "records": [
              "_93513d714596a28d1efa737d952d3919.xlfgrmvvlj.acm-validations.aws."
            ],
            "set_identifier": "",
            "timeouts": null,
            "ttl": 60,
            "type": "CNAME",
            "weighted_routing_policy": [],
            "zone_id": "Z0253711396A5G9VVQ41W"
          },
          "sensitive_attributes": [],
          "private": "eyJlMmJmYjczMC1lY2FhLTExZTYtOGY4OC0zNDM2M2JjN2M0YzAiOnsiY3JlYXRlIjoxODAwMDAwMDAwMDAwLCJkZWxldGUiOjE4MDAwMDAwMDAwMDAsInVwZGF0ZSI6MTgwMDAwMDAwMDAwMH0sInNjaGVtYV92ZXJzaW9uIjoiMiJ9",
          "dependencies": [
            "aws_acm_certificate.cf_cert",
            "aws_route53_zone.main"
          ]
        }
      ]
    },
    {
      "mode": "managed",
      "type": "aws_route53_record",
      "name": "www_alias",
      "provider": "provider[\"registry.terraform.io/hashicorp/aws\"]",
      "instances": [
        {
          "schema_version": 2,
          "attributes": {
            "alias": [
              {
                "evaluate_target_health": true,
                "name": "d16vnzk5fbs17e.cloudfront.net",
                "zone_id": "Z2FDTNDATAQYW2"
              }
            ],
            "allow_overwrite": null,
            "cidr_routing_policy": [],
            "failover_routing_policy": [],
            "fqdn": "jon.tronco.so",
            "geolocation_routing_policy": [],
            "geoproximity_routing_policy": [],
            "health_check_id": "",
            "id": "Z0253711396A5G9VVQ41W_jon.tronco.so_A",
            "latency_routing_policy": [],
            "multivalue_answer_routing_policy": false,
            "name": "jon.tronco.so",
            "records": [],
            "set_identifier": "",
            "timeouts": null,
            "ttl": 0,
            "type": "A",
            "weighted_routing_policy": [],
            "zone_id": "Z0253711396A5G9VVQ41W"
          },
          "sensitive_attributes": [],
          "private": "eyJlMmJmYjczMC1lY2FhLTExZTYtOGY4OC0zNDM2M2JjN2M0YzAiOnsiY3JlYXRlIjoxODAwMDAwMDAwMDAwLCJkZWxldGUiOjE4MDAwMDAwMDAwMDAsInVwZGF0ZSI6MTgwMDAwMDAwMDAwMH0sInNjaGVtYV92ZXJzaW9uIjoiMiJ9",
          "dependencies": [
            "aws_acm_certificate.cf_cert",
            "aws_acm_certificate_validation.cf_cert_validation",
            "aws_cloudfront_distribution.react_apps",
            "aws_route53_record.cf_cert_validation",
            "aws_route53_zone.main",
            "aws_s3_bucket.react_apps"
          ]
        }
      ]
    },
    {
      "mode": "managed",
      "type": "aws_route53_zone",
      "name": "main",
      "provider": "provider[\"registry.terraform.io/hashicorp/aws\"]",
      "instances": [
        {
          "schema_version": 0,
          "attributes": {
            "arn": "arn:aws:route53:::hostedzone/Z0253711396A5G9VVQ41W",
            "comment": "Managed by Terraform",
            "delegation_set_id": "",
            "force_destroy": false,
            "id": "Z0253711396A5G9VVQ41W",
            "name": "tronco.so",
            "name_servers": [
              "ns-106.awsdns-13.com",
              "ns-1084.awsdns-07.org",
              "ns-2034.awsdns-62.co.uk",
              "ns-889.awsdns-47.net"
            ],
            "primary_name_server": "ns-889.awsdns-47.net",
            "tags": {},
            "tags_all": {},
            "timeouts": null,
            "vpc": [],
            "zone_id": "Z0253711396A5G9VVQ41W"
          },
          "sensitive_attributes": [],
          "private": "eyJlMmJmYjczMC1lY2FhLTExZTYtOGY4OC0zNDM2M2JjN2M0YzAiOnsiY3JlYXRlIjoxODAwMDAwMDAwMDAwLCJkZWxldGUiOjE4MDAwMDAwMDAwMDAsInVwZGF0ZSI6MTgwMDAwMDAwMDAwMH19"
        }
      ]
    },
    {
      "mode": "managed",
      "type": "aws_s3_bucket",
      "name": "react_apps",
      "provider": "provider[\"registry.terraform.io/hashicorp/aws\"]",
      "instances": [
        {
          "schema_version": 0,
          "attributes": {
            "acceleration_status": "",
            "acl": null,
            "arn": "arn:aws:s3:::troncoso-public",
            "bucket": "troncoso-public",
            "bucket_domain_name": "troncoso-public.s3.amazonaws.com",
            "bucket_prefix": "",
            "bucket_region": "us-east-1",
            "bucket_regional_domain_name": "troncoso-public.s3.us-east-1.amazonaws.com",
            "cors_rule": [],
            "force_destroy": false,
            "grant": [
              {
                "id": "4bbdcc050db5667b7578b4841815bf3643d0d7c7713420011f12b9d26cb5e122",
                "permissions": [
                  "FULL_CONTROL"
                ],
                "type": "CanonicalUser",
                "uri": ""
              }
            ],
            "hosted_zone_id": "Z3AQBSTGFYJSTF",
            "id": "troncoso-public",
            "lifecycle_rule": [],
            "logging": [],
            "object_lock_configuration": [],
            "object_lock_enabled": false,
            "policy": "{\"Statement\":[{\"Action\":\"s3:GetObject\",\"Condition\":{\"StringEquals\":{\"AWS:SourceArn\":\"arn:aws:cloudfront::863518443980:distribution/E14IV80XWFPZEK\"}},\"Effect\":\"Allow\",\"Principal\":{\"Service\":\"cloudfront.amazonaws.com\"},\"Resource\":\"arn:aws:s3:::troncoso-public/chatbot/*\"}],\"Version\":\"2012-10-17\"}",
            "region": "us-east-1",
            "replication_configuration": [],
            "request_payer": "BucketOwner",
            "server_side_encryption_configuration": [
              {
                "rule": [
                  {
                    "apply_server_side_encryption_by_default": [
                      {
                        "kms_master_key_id": "",
                        "sse_algorithm": "AES256"
                      }
                    ],
                    "bucket_key_enabled": false
                  }
                ]
              }
            ],
            "tags": {},
            "tags_all": {},
            "timeouts": null,
            "versioning": [
              {
                "enabled": false,
                "mfa_delete": false
              }
            ],
            "website": [],
            "website_domain": null,
            "website_endpoint": null
          },
          "sensitive_attributes": [],
          "private": "eyJlMmJmYjczMC1lY2FhLTExZTYtOGY4OC0zNDM2M2JjN2M0YzAiOnsiY3JlYXRlIjoxMjAwMDAwMDAwMDAwLCJkZWxldGUiOjM2MDAwMDAwMDAwMDAsInJlYWQiOjEyMDAwMDAwMDAwMDAsInVwZGF0ZSI6MTIwMDAwMDAwMDAwMH0sInNjaGVtYV92ZXJzaW9uIjoiMCJ9"
        }
      ]
    },
    {
      "mode": "managed",
      "type": "aws_s3_bucket_policy",
      "name": "public_policy",
      "provider": "provider[\"registry.terraform.io/hashicorp/aws\"]",
      "instances": [
        {
          "schema_version": 0,
          "attributes": {
            "bucket": "troncoso-public",
            "id": "troncoso-public",
            "policy": "{\"Statement\":[{\"Action\":[\"s3:GetObject\"],\"Effect\":\"Allow\",\"Principal\":\"*\",\"Resource\":\"arn:aws:s3:::troncoso-public/troncoso/*\"}],\"Version\":\"2012-10-17\"}",
            "region": "us-east-1"
          },
          "sensitive_attributes": [],
          "private": "bnVsbA==",
          "dependencies": [
            "aws_s3_bucket.react_apps"
          ]
        }
      ]
    },
    {
      "mode": "managed",
      "type": "aws_s3_bucket_public_access_block",
      "name": "example",
      "provider": "provider[\"registry.terraform.io/hashicorp/aws\"]",
      "instances": [
        {
          "schema_version": 0,
          "attributes": {
            "block_public_acls": true,
            "block_public_policy": false,
            "bucket": "troncoso-public",
            "id": "troncoso-public",
            "ignore_public_acls": true,
            "region": "us-east-1",
            "restrict_public_buckets": false,
            "skip_destroy": null
          },
          "sensitive_attributes": [],
          "private": "bnVsbA==",
          "dependencies": [
            "aws_s3_bucket.react_apps"
          ]
        }
      ]
    },
    {
      "mode": "managed",
      "type": "aws_s3_object",
      "name": "provision_source_files",
      "provider": "provider[\"registry.terraform.io/hashicorp/aws\"]",
      "instances": [
        {
          "index_key": "+not-found.html",
          "schema_version": 0,
          "attributes": {
            "acl": null,
            "arn": "arn:aws:s3:::troncoso-public/troncoso/+not-found.html",
            "bucket": "troncoso-public",
            "bucket_key_enabled": false,
            "cache_control": "",
            "checksum_algorithm": null,
            "checksum_crc32": "",
            "checksum_crc32c": "",
            "checksum_crc64nvme": "",
            "checksum_sha1": "",
            "checksum_sha256": "",
            "content": null,
            "content_base64": null,
            "content_disposition": "",
            "content_encoding": "",
            "content_language": "",
            "content_type": "text/html",
            "etag": "09614a3390bfd1bf7e52e16879a8a0f6",
            "force_destroy": false,
            "id": "troncoso-public/troncoso/+not-found.html",
            "key": "troncoso/+not-found.html",
            "kms_key_id": null,
            "metadata": {},
            "object_lock_legal_hold_status": "",
            "object_lock_mode": "",
            "object_lock_retain_until_date": "",
            "override_provider": [],
            "region": "us-east-1",
            "server_side_encryption": "AES256",
            "source": "../dist/+not-found.html",
            "source_hash": null,
            "storage_class": "STANDARD",
            "tags": {},
            "tags_all": {},
            "version_id": "",
            "website_redirect": ""
          },
          "sensitive_attributes": [],
          "private": "bnVsbA=="
        },
        {
          "index_key": "_expo/static/css/modal.module-33361d5c796745334f151cac6c469469.css",
          "schema_version": 0,
          "attributes": {
            "acl": null,
            "arn": "arn:aws:s3:::troncoso-public/troncoso/_expo/static/css/modal.module-33361d5c796745334f151cac6c469469.css",
            "bucket": "troncoso-public",
            "bucket_key_enabled": false,
            "cache_control": "",
            "checksum_algorithm": null,
            "checksum_crc32": "",
            "checksum_crc32c": "",
            "checksum_crc64nvme": "",
            "checksum_sha1": "",
            "checksum_sha256": "",
            "content": null,
            "content_base64": null,
            "content_disposition": "",
            "content_encoding": "",
            "content_language": "",
            "content_type": "text/css",
            "etag": "33361d5c796745334f151cac6c469469",
            "force_destroy": false,
            "id": "troncoso-public/troncoso/_expo/static/css/modal.module-33361d5c796745334f151cac6c469469.css",
            "key": "troncoso/_expo/static/css/modal.module-33361d5c796745334f151cac6c469469.css",
            "kms_key_id": null,
            "metadata": {},
            "object_lock_legal_hold_status": "",
            "object_lock_mode": "",
            "object_lock_retain_until_date": "",
            "override_provider": [],
            "region": "us-east-1",
            "server_side_encryption": "AES256",
            "source": "../dist/_expo/static/css/modal.module-33361d5c796745334f151cac6c469469.css",
            "source_hash": null,
            "storage_class": "STANDARD",
            "tags": {},
            "tags_all": {},
            "version_id": "",
            "website_redirect": ""
          },
          "sensitive_attributes": [],
          "private": "bnVsbA=="
        },
        {
          "index_key": "_expo/static/css/web-1bd6d25aa8b273dac75ff142257f1092.css",
          "schema_version": 0,
          "attributes": {
            "acl": null,
            "arn": "arn:aws:s3:::troncoso-public/troncoso/_expo/static/css/web-1bd6d25aa8b273dac75ff142257f1092.css",
            "bucket": "troncoso-public",
            "bucket_key_enabled": false,
            "cache_control": "",
            "checksum_algorithm": null,
            "checksum_crc32": "",
            "checksum_crc32c": "",
            "checksum_crc64nvme": "",
            "checksum_sha1": "",
            "checksum_sha256": "",
            "content": null,
            "content_base64": null,
            "content_disposition": "",
            "content_encoding": "",
            "content_language": "",
            "content_type": "text/css",
            "etag": "1bd6d25aa8b273dac75ff142257f1092",
            "force_destroy": false,
            "id": "troncoso-public/troncoso/_expo/static/css/web-1bd6d25aa8b273dac75ff142257f1092.css",
            "key": "troncoso/_expo/static/css/web-1bd6d25aa8b273dac75ff142257f1092.css",
            "kms_key_id": null,
            "metadata": {},
            "object_lock_legal_hold_status": "",
            "object_lock_mode": "",
            "object_lock_retain_until_date": "",
            "override_provider": [],
            "region": "us-east-1",
            "server_side_encryption": "AES256",
            "source": "../dist/_expo/static/css/web-1bd6d25aa8b273dac75ff142257f1092.css",
            "source_hash": null,
            "storage_class": "STANDARD",
            "tags": {},
            "tags_all": {},
            "version_id": "",
            "website_redirect": ""
          },
          "sensitive_attributes": [],
          "private": "bnVsbA=="
        },
        {
          "index_key": "_expo/static/js/web/entry-863621fec62014272456f1b3c9201f57.js",
          "schema_version": 0,
          "attributes": {
            "acl": null,
            "arn": "arn:aws:s3:::troncoso-public/troncoso/_expo/static/js/web/entry-863621fec62014272456f1b3c9201f57.js",
            "bucket": "troncoso-public",
            "bucket_key_enabled": false,
            "cache_control": "",
            "checksum_algorithm": null,
            "checksum_crc32": "",
            "checksum_crc32c": "",
            "checksum_crc64nvme": "",
            "checksum_sha1": "",
            "checksum_sha256": "",
            "content": null,
            "content_base64": null,
            "content_disposition": "",
            "content_encoding": "",
            "content_language": "",
            "content_type": "application/javascript",
            "etag": "863621fec62014272456f1b3c9201f57",
            "force_destroy": false,
            "id": "troncoso-public/troncoso/_expo/static/js/web/entry-863621fec62014272456f1b3c9201f57.js",
            "key": "troncoso/_expo/static/js/web/entry-863621fec62014272456f1b3c9201f57.js",
            "kms_key_id": null,
            "metadata": {},
            "object_lock_legal_hold_status": "",
            "object_lock_mode": "",
            "object_lock_retain_until_date": "",
            "override_provider": [],
            "region": "us-east-1",
            "server_side_encryption": "AES256",
            "source": "../dist/_expo/static/js/web/entry-863621fec62014272456f1b3c9201f57.js",
            "source_hash": null,
            "storage_class": "STANDARD",
            "tags": {},
            "tags_all": {},
            "version_id": "",
            "website_redirect": ""
          },
          "sensitive_attributes": [],
          "private": "bnVsbA=="
        },
        {
          "index_key": "_sitemap.html",
          "schema_version": 0,
          "attributes": {
            "acl": null,
            "arn": "arn:aws:s3:::troncoso-public/troncoso/_sitemap.html",
            "bucket": "troncoso-public",
            "bucket_key_enabled": false,
            "cache_control": "",
            "checksum_algorithm": null,
            "checksum_crc32": "",
            "checksum_crc32c": "",
            "checksum_crc64nvme": "",
            "checksum_sha1": "",
            "checksum_sha256": "",
            "content": null,
            "content_base64": null,
            "content_disposition": "",
            "content_encoding": "",
            "content_language": "",
            "content_type": "text/html",
            "etag": "a312603d5475270194a350b082265669",
            "force_destroy": false,
            "id": "troncoso-public/troncoso/_sitemap.html",
            "key": "troncoso/_sitemap.html",
            "kms_key_id": null,
            "metadata": {},
            "object_lock_legal_hold_status": "",
            "object_lock_mode": "",
            "object_lock_retain_until_date": "",
            "override_provider": [],
            "region": "us-east-1",
            "server_side_encryption": "AES256",
            "source": "../dist/_sitemap.html",
            "source_hash": null,
            "storage_class": "STANDARD",
            "tags": {},
            "tags_all": {},
            "version_id": "",
            "website_redirect": ""
          },
          "sensitive_attributes": [],
          "private": "bnVsbA=="
        },
        {
          "index_key": "assets/assets/me.a422db3f0b41ec5bc7c223b8f7c893c5.jpeg",
          "schema_version": 0,
          "attributes": {
            "acl": null,
            "arn": "arn:aws:s3:::troncoso-public/troncoso/assets/assets/me.a422db3f0b41ec5bc7c223b8f7c893c5.jpeg",
            "bucket": "troncoso-public",
            "bucket_key_enabled": false,
            "cache_control": "",
            "checksum_algorithm": null,
            "checksum_crc32": "",
            "checksum_crc32c": "",
            "checksum_crc64nvme": "",
            "checksum_sha1": "",
            "checksum_sha256": "",
            "content": null,
            "content_base64": null,
            "content_disposition": "",
            "content_encoding": "",
            "content_language": "",
            "content_type": "image/jpeg",
            "etag": "a422db3f0b41ec5bc7c223b8f7c893c5",
            "force_destroy": false,
            "id": "troncoso-public/troncoso/assets/assets/me.a422db3f0b41ec5bc7c223b8f7c893c5.jpeg",
            "key": "troncoso/assets/assets/me.a422db3f0b41ec5bc7c223b8f7c893c5.jpeg",
            "kms_key_id": null,
            "metadata": {},
            "object_lock_legal_hold_status": "",
            "object_lock_mode": "",
            "object_lock_retain_until_date": "",
            "override_provider": [],
            "region": "us-east-1",
            "server_side_encryption": "AES256",
            "source": "../dist/assets/assets/me.a422db3f0b41ec5bc7c223b8f7c893c5.jpeg",
            "source_hash": null,
            "storage_class": "STANDARD",
            "tags": {},
            "tags_all": {},
            "version_id": "",
            "website_redirect": ""
          },
          "sensitive_attributes": [],
          "private": "bnVsbA=="
        },
        {
          "index_key": "assets/node_modules/@react-navigation/elements/lib/module/assets/back-icon-mask.0a328cd9c1afd0afe8e3b1ec5165b1b4.png",
          "schema_version": 0,
          "attributes": {
            "acl": null,
            "arn": "arn:aws:s3:::troncoso-public/troncoso/assets/node_modules/@react-navigation/elements/lib/module/assets/back-icon-mask.0a328cd9c1afd0afe8e3b1ec5165b1b4.png",
            "bucket": "troncoso-public",
            "bucket_key_enabled": false,
            "cache_control": "",
            "checksum_algorithm": null,
            "checksum_crc32": "",
            "checksum_crc32c": "",
            "checksum_crc64nvme": "",
            "checksum_sha1": "",
            "checksum_sha256": "",
            "content": null,
            "content_base64": null,
            "content_disposition": "",
            "content_encoding": "",
            "content_language": "",
            "content_type": "image/png",
            "etag": "0a328cd9c1afd0afe8e3b1ec5165b1b4",
            "force_destroy": false,
            "id": "troncoso-public/troncoso/assets/node_modules/@react-navigation/elements/lib/module/assets/back-icon-mask.0a328cd9c1afd0afe8e3b1ec5165b1b4.png",
            "key": "troncoso/assets/node_modules/@react-navigation/elements/lib/module/assets/back-icon-mask.0a328cd9c1afd0afe8e3b1ec5165b1b4.png",
            "kms_key_id": null,
            "metadata": {},
            "object_lock_legal_hold_status": "",
            "object_lock_mode": "",
            "object_lock_retain_until_date": "",
            "override_provider": [],
            "region": "us-east-1",
            "server_side_encryption": "AES256",
            "source": "../dist/assets/node_modules/@react-navigation/elements/lib/module/assets/back-icon-mask.0a328cd9c1afd0afe8e3b1ec5165b1b4.png",
            "source_hash": null,
            "storage_class": "STANDARD",
            "tags": {},
            "tags_all": {},
            "version_id": "",
            "website_redirect": ""
          },
          "sensitive_attributes": [],
          "private": "bnVsbA=="
        },
        {
          "index_key": "assets/node_modules/@react-navigation/elements/lib/module/assets/back-icon.35ba0eaec5a4f5ed12ca16fabeae451d.png",
          "schema_version": 0,
          "attributes": {
            "acl": null,
            "arn": "arn:aws:s3:::troncoso-public/troncoso/assets/node_modules/@react-navigation/elements/lib/module/assets/back-icon.35ba0eaec5a4f5ed12ca16fabeae451d.png",
            "bucket": "troncoso-public",
            "bucket_key_enabled": false,
            "cache_control": "",
            "checksum_algorithm": null,
            "checksum_crc32": "",
            "checksum_crc32c": "",
            "checksum_crc64nvme": "",
            "checksum_sha1": "",
            "checksum_sha256": "",
            "content": null,
            "content_base64": null,
            "content_disposition": "",
            "content_encoding": "",
            "content_language": "",
            "content_type": "image/png",
            "etag": "35ba0eaec5a4f5ed12ca16fabeae451d",
            "force_destroy": false,
            "id": "troncoso-public/troncoso/assets/node_modules/@react-navigation/elements/lib/module/assets/back-icon.35ba0eaec5a4f5ed12ca16fabeae451d.png",
            "key": "troncoso/assets/node_modules/@react-navigation/elements/lib/module/assets/back-icon.35ba0eaec5a4f5ed12ca16fabeae451d.png",
            "kms_key_id": null,
            "metadata": {},
            "object_lock_legal_hold_status": "",
            "object_lock_mode": "",
            "object_lock_retain_until_date": "",
            "override_provider": [],
            "region": "us-east-1",
            "server_side_encryption": "AES256",
            "source": "../dist/assets/node_modules/@react-navigation/elements/lib/module/assets/back-icon.35ba0eaec5a4f5ed12ca16fabeae451d.png",
            "source_hash": null,
            "storage_class": "STANDARD",
            "tags": {},
            "tags_all": {},
            "version_id": "",
            "website_redirect": ""
          },
          "sensitive_attributes": [],
          "private": "bnVsbA=="
        },
        {
          "index_key": "assets/node_modules/@react-navigation/elements/lib/module/assets/clear-icon.c94f6478e7ae0cdd9f15de1fcb9e5e55.png",
          "schema_version": 0,
          "attributes": {
            "acl": null,
            "arn": "arn:aws:s3:::troncoso-public/troncoso/assets/node_modules/@react-navigation/elements/lib/module/assets/clear-icon.c94f6478e7ae0cdd9f15de1fcb9e5e55.png",
            "bucket": "troncoso-public",
            "bucket_key_enabled": false,
            "cache_control": "",
            "checksum_algorithm": null,
            "checksum_crc32": "",
            "checksum_crc32c": "",
            "checksum_crc64nvme": "",
            "checksum_sha1": "",
            "checksum_sha256": "",
            "content": null,
            "content_base64": null,
            "content_disposition": "",
            "content_encoding": "",
            "content_language": "",
            "content_type": "image/png",
            "etag": "61ca7e64b7d605716c57706cef640b9a",
            "force_destroy": false,
            "id": "troncoso-public/troncoso/assets/node_modules/@react-navigation/elements/lib/module/assets/clear-icon.c94f6478e7ae0cdd9f15de1fcb9e5e55.png",
            "key": "troncoso/assets/node_modules/@react-navigation/elements/lib/module/assets/clear-icon.c94f6478e7ae0cdd9f15de1fcb9e5e55.png",
            "kms_key_id": null,
            "metadata": {},
            "object_lock_legal_hold_status": "",
            "object_lock_mode": "",
            "object_lock_retain_until_date": "",
            "override_provider": [],
            "region": "us-east-1",
            "server_side_encryption": "AES256",
            "source": "../dist/assets/node_modules/@react-navigation/elements/lib/module/assets/clear-icon.c94f6478e7ae0cdd9f15de1fcb9e5e55.png",
            "source_hash": null,
            "storage_class": "STANDARD",
            "tags": {},
            "tags_all": {},
            "version_id": "",
            "website_redirect": ""
          },
          "sensitive_attributes": [],
          "private": "bnVsbA=="
        },
        {
          "index_key": "assets/node_modules/@react-navigation/elements/lib/module/assets/clear-icon.c94f6478e7ae0cdd9f15de1fcb9e5e55@2x.png",
          "schema_version": 0,
          "attributes": {
            "acl": null,
            "arn": "arn:aws:s3:::troncoso-public/troncoso/assets/node_modules/@react-navigation/elements/lib/module/assets/clear-icon.c94f6478e7ae0cdd9f15de1fcb9e5e55@2x.png",
            "bucket": "troncoso-public",
            "bucket_key_enabled": false,
            "cache_control": "",
            "checksum_algorithm": null,
            "checksum_crc32": "",
            "checksum_crc32c": "",
            "checksum_crc64nvme": "",
            "checksum_sha1": "",
            "checksum_sha256": "",
            "content": null,
            "content_base64": null,
            "content_disposition": "",
            "content_encoding": "",
            "content_language": "",
            "content_type": "image/png",
            "etag": "aff2c65b39a296d4f7e96d0f58169170",
            "force_destroy": false,
            "id": "troncoso-public/troncoso/assets/node_modules/@react-navigation/elements/lib/module/assets/clear-icon.c94f6478e7ae0cdd9f15de1fcb9e5e55@2x.png",
            "key": "troncoso/assets/node_modules/@react-navigation/elements/lib/module/assets/clear-icon.c94f6478e7ae0cdd9f15de1fcb9e5e55@2x.png",
            "kms_key_id": null,
            "metadata": {},
            "object_lock_legal_hold_status": "",
            "object_lock_mode": "",
            "object_lock_retain_until_date": "",
            "override_provider": [],
            "region": "us-east-1",
            "server_side_encryption": "AES256",
            "source": "../dist/assets/node_modules/@react-navigation/elements/lib/module/assets/clear-icon.c94f6478e7ae0cdd9f15de1fcb9e5e55@2x.png",
            "source_hash": null,
            "storage_class": "STANDARD",
            "tags": {},
            "tags_all": {},
            "version_id": "",
            "website_redirect": ""
          },
          "sensitive_attributes": [],
          "private": "bnVsbA=="
        },
        {
          "index_key": "assets/node_modules/@react-navigation/elements/lib/module/assets/clear-icon.c94f6478e7ae0cdd9f15de1fcb9e5e55@3x.png",
          "schema_version": 0,
          "attributes": {
            "acl": null,
            "arn": "arn:aws:s3:::troncoso-public/troncoso/assets/node_modules/@react-navigation/elements/lib/module/assets/clear-icon.c94f6478e7ae0cdd9f15de1fcb9e5e55@3x.png",
            "bucket": "troncoso-public",
            "bucket_key_enabled": false,
            "cache_control": "",
            "checksum_algorithm": null,
            "checksum_crc32": "",
            "checksum_crc32c": "",
            "checksum_crc64nvme": "",
            "checksum_sha1": "",
            "checksum_sha256": "",
            "content": null,
            "content_base64": null,
            "content_disposition": "",
            "content_encoding": "",
            "content_language": "",
            "content_type": "image/png",
            "etag": "d8e7601e3df962f83c62371ac14964d8",
            "force_destroy": false,
            "id": "troncoso-public/troncoso/assets/node_modules/@react-navigation/elements/lib/module/assets/clear-icon.c94f6478e7ae0cdd9f15de1fcb9e5e55@3x.png",
            "key": "troncoso/assets/node_modules/@react-navigation/elements/lib/module/assets/clear-icon.c94f6478e7ae0cdd9f15de1fcb9e5e55@3x.png",
            "kms_key_id": null,
            "metadata": {},
            "object_lock_legal_hold_status": "",
            "object_lock_mode": "",
            "object_lock_retain_until_date": "",
            "override_provider": [],
            "region": "us-east-1",
            "server_side_encryption": "AES256",
            "source": "../dist/assets/node_modules/@react-navigation/elements/lib/module/assets/clear-icon.c94f6478e7ae0cdd9f15de1fcb9e5e55@3x.png",
            "source_hash": null,
            "storage_class": "STANDARD",
            "tags": {},
            "tags_all": {},
            "version_id": "",
            "website_redirect": ""
          },
          "sensitive_attributes": [],
          "private": "bnVsbA=="
        },
        {
          "index_key": "assets/node_modules/@react-navigation/elements/lib/module/assets/clear-icon.c94f6478e7ae0cdd9f15de1fcb9e5e55@4x.png",
          "schema_version": 0,
          "attributes": {
            "acl": null,
            "arn": "arn:aws:s3:::troncoso-public/troncoso/assets/node_modules/@react-navigation/elements/lib/module/assets/clear-icon.c94f6478e7ae0cdd9f15de1fcb9e5e55@4x.png",
            "bucket": "troncoso-public",
            "bucket_key_enabled": false,
            "cache_control": "",
            "checksum_algorithm": null,
            "checksum_crc32": "",
            "checksum_crc32c": "",
            "checksum_crc64nvme": "",
            "checksum_sha1": "",
            "checksum_sha256": "",
            "content": null,
            "content_base64": null,
            "content_disposition": "",
            "content_encoding": "",
            "content_language": "",
            "content_type": "image/png",
            "etag": "3cd68ccdb8938e3711da2e8831b85493",
            "force_destroy": false,
            "id": "troncoso-public/troncoso/assets/node_modules/@react-navigation/elements/lib/module/assets/clear-icon.c94f6478e7ae0cdd9f15de1fcb9e5e55@4x.png",
            "key": "troncoso/assets/node_modules/@react-navigation/elements/lib/module/assets/clear-icon.c94f6478e7ae0cdd9f15de1fcb9e5e55@4x.png",
            "kms_key_id": null,
            "metadata": {},
            "object_lock_legal_hold_status": "",
            "object_lock_mode": "",
            "object_lock_retain_until_date": "",
            "override_provider": [],
            "region": "us-east-1",
            "server_side_encryption": "AES256",
            "source": "../dist/assets/node_modules/@react-navigation/elements/lib/module/assets/clear-icon.c94f6478e7ae0cdd9f15de1fcb9e5e55@4x.png",
            "source_hash": null,
            "storage_class": "STANDARD",
            "tags": {},
            "tags_all": {},
            "version_id": "",
            "website_redirect": ""
          },
          "sensitive_attributes": [],
          "private": "bnVsbA=="
        },
        {
          "index_key": "assets/node_modules/@react-navigation/elements/lib/module/assets/close-icon.808e1b1b9b53114ec2838071a7e6daa7.png",
          "schema_version": 0,
          "attributes": {
            "acl": null,
            "arn": "arn:aws:s3:::troncoso-public/troncoso/assets/node_modules/@react-navigation/elements/lib/module/assets/close-icon.808e1b1b9b53114ec2838071a7e6daa7.png",
            "bucket": "troncoso-public",
            "bucket_key_enabled": false,
            "cache_control": "",
            "checksum_algorithm": null,
            "checksum_crc32": "",
            "checksum_crc32c": "",
            "checksum_crc64nvme": "",
            "checksum_sha1": "",
            "checksum_sha256": "",
            "content": null,
            "content_base64": null,
            "content_disposition": "",
            "content_encoding": "",
            "content_language": "",
            "content_type": "image/png",
            "etag": "d84e297c3b3e49a614248143d53e40ca",
            "force_destroy": false,
            "id": "troncoso-public/troncoso/assets/node_modules/@react-navigation/elements/lib/module/assets/close-icon.808e1b1b9b53114ec2838071a7e6daa7.png",
            "key": "troncoso/assets/node_modules/@react-navigation/elements/lib/module/assets/close-icon.808e1b1b9b53114ec2838071a7e6daa7.png",
            "kms_key_id": null,
            "metadata": {},
            "object_lock_legal_hold_status": "",
            "object_lock_mode": "",
            "object_lock_retain_until_date": "",
            "override_provider": [],
            "region": "us-east-1",
            "server_side_encryption": "AES256",
            "source": "../dist/assets/node_modules/@react-navigation/elements/lib/module/assets/close-icon.808e1b1b9b53114ec2838071a7e6daa7.png",
            "source_hash": null,
            "storage_class": "STANDARD",
            "tags": {},
            "tags_all": {},
            "version_id": "",
            "website_redirect": ""
          },
          "sensitive_attributes": [],
          "private": "bnVsbA=="
        },
        {
          "index_key": "assets/node_modules/@react-navigation/elements/lib/module/assets/close-icon.808e1b1b9b53114ec2838071a7e6daa7@2x.png",
          "schema_version": 0,
          "attributes": {
            "acl": null,
            "arn": "arn:aws:s3:::troncoso-public/troncoso/assets/node_modules/@react-navigation/elements/lib/module/assets/close-icon.808e1b1b9b53114ec2838071a7e6daa7@2x.png",
            "bucket": "troncoso-public",
            "bucket_key_enabled": false,
            "cache_control": "",
            "checksum_algorithm": null,
            "checksum_crc32": "",
            "checksum_crc32c": "",
            "checksum_crc64nvme": "",
            "checksum_sha1": "",
            "checksum_sha256": "",
            "content": null,
            "content_base64": null,
            "content_disposition": "",
            "content_encoding": "",
            "content_language": "",
            "content_type": "image/png",
            "etag": "1190ab078c57159f4245a328118fcd9a",
            "force_destroy": false,
            "id": "troncoso-public/troncoso/assets/node_modules/@react-navigation/elements/lib/module/assets/close-icon.808e1b1b9b53114ec2838071a7e6daa7@2x.png",
            "key": "troncoso/assets/node_modules/@react-navigation/elements/lib/module/assets/close-icon.808e1b1b9b53114ec2838071a7e6daa7@2x.png",
            "kms_key_id": null,
            "metadata": {},
            "object_lock_legal_hold_status": "",
            "object_lock_mode": "",
            "object_lock_retain_until_date": "",
            "override_provider": [],
            "region": "us-east-1",
            "server_side_encryption": "AES256",
            "source": "../dist/assets/node_modules/@react-navigation/elements/lib/module/assets/close-icon.808e1b1b9b53114ec2838071a7e6daa7@2x.png",
            "source_hash": null,
            "storage_class": "STANDARD",
            "tags": {},
            "tags_all": {},
            "version_id": "",
            "website_redirect": ""
          },
          "sensitive_attributes": [],
          "private": "bnVsbA=="
        },
        {
          "index_key": "assets/node_modules/@react-navigation/elements/lib/module/assets/close-icon.808e1b1b9b53114ec2838071a7e6daa7@3x.png",
          "schema_version": 0,
          "attributes": {
            "acl": null,
            "arn": "arn:aws:s3:::troncoso-public/troncoso/assets/node_modules/@react-navigation/elements/lib/module/assets/close-icon.808e1b1b9b53114ec2838071a7e6daa7@3x.png",
            "bucket": "troncoso-public",
            "bucket_key_enabled": false,
            "cache_control": "",
            "checksum_algorithm": null,
            "checksum_crc32": "",
            "checksum_crc32c": "",
            "checksum_crc64nvme": "",
            "checksum_sha1": "",
            "checksum_sha256": "",
            "content": null,
            "content_base64": null,
            "content_disposition": "",
            "content_encoding": "",
            "content_language": "",
            "content_type": "image/png",
            "etag": "78c625386b4d0690b421eb0fc78f7b9c",
            "force_destroy": false,
            "id": "troncoso-public/troncoso/assets/node_modules/@react-navigation/elements/lib/module/assets/close-icon.808e1b1b9b53114ec2838071a7e6daa7@3x.png",
            "key": "troncoso/assets/node_modules/@react-navigation/elements/lib/module/assets/close-icon.808e1b1b9b53114ec2838071a7e6daa7@3x.png",
            "kms_key_id": null,
            "metadata": {},
            "object_lock_legal_hold_status": "",
            "object_lock_mode": "",
            "object_lock_retain_until_date": "",
            "override_provider": [],
            "region": "us-east-1",
            "server_side_encryption": "AES256",
            "source": "../dist/assets/node_modules/@react-navigation/elements/lib/module/assets/close-icon.808e1b1b9b53114ec2838071a7e6daa7@3x.png",
            "source_hash": null,
            "storage_class": "STANDARD",
            "tags": {},
            "tags_all": {},
            "version_id": "",
            "website_redirect": ""
          },
          "sensitive_attributes": [],
          "private": "bnVsbA=="
        },
        {
          "index_key": "assets/node_modules/@react-navigation/elements/lib/module/assets/close-icon.808e1b1b9b53114ec2838071a7e6daa7@4x.png",
          "schema_version": 0,
          "attributes": {
            "acl": null,
            "arn": "arn:aws:s3:::troncoso-public/troncoso/assets/node_modules/@react-navigation/elements/lib/module/assets/close-icon.808e1b1b9b53114ec2838071a7e6daa7@4x.png",
            "bucket": "troncoso-public",
            "bucket_key_enabled": false,
            "cache_control": "",
            "checksum_algorithm": null,
            "checksum_crc32": "",
            "checksum_crc32c": "",
            "checksum_crc64nvme": "",
            "checksum_sha1": "",
            "checksum_sha256": "",
            "content": null,
            "content_base64": null,
            "content_disposition": "",
            "content_encoding": "",
            "content_language": "",
            "content_type": "image/png",
            "etag": "0747a1317bbe9c6fc340b889ef8ab3ae",
            "force_destroy": false,
            "id": "troncoso-public/troncoso/assets/node_modules/@react-navigation/elements/lib/module/assets/close-icon.808e1b1b9b53114ec2838071a7e6daa7@4x.png",
            "key": "troncoso/assets/node_modules/@react-navigation/elements/lib/module/assets/close-icon.808e1b1b9b53114ec2838071a7e6daa7@4x.png",
            "kms_key_id": null,
            "metadata": {},
            "object_lock_legal_hold_status": "",
            "object_lock_mode": "",
            "object_lock_retain_until_date": "",
            "override_provider": [],
            "region": "us-east-1",
            "server_side_encryption": "AES256",
            "source": "../dist/assets/node_modules/@react-navigation/elements/lib/module/assets/close-icon.808e1b1b9b53114ec2838071a7e6daa7@4x.png",
            "source_hash": null,
            "storage_class": "STANDARD",
            "tags": {},
            "tags_all": {},
            "version_id": "",
            "website_redirect": ""
          },
          "sensitive_attributes": [],
          "private": "bnVsbA=="
        },
        {
          "index_key": "assets/node_modules/@react-navigation/elements/lib/module/assets/search-icon.286d67d3f74808a60a78d3ebf1a5fb57.png",
          "schema_version": 0,
          "attributes": {
            "acl": null,
            "arn": "arn:aws:s3:::troncoso-public/troncoso/assets/node_modules/@react-navigation/elements/lib/module/assets/search-icon.286d67d3f74808a60a78d3ebf1a5fb57.png",
            "bucket": "troncoso-public",
            "bucket_key_enabled": false,
            "cache_control": "",
            "checksum_algorithm": null,
            "checksum_crc32": "",
            "checksum_crc32c": "",
            "checksum_crc64nvme": "",
            "checksum_sha1": "",
            "checksum_sha256": "",
            "content": null,
            "content_base64": null,
            "content_disposition": "",
            "content_encoding": "",
            "content_language": "",
            "content_type": "image/png",
            "etag": "286d67d3f74808a60a78d3ebf1a5fb57",
            "force_destroy": false,
            "id": "troncoso-public/troncoso/assets/node_modules/@react-navigation/elements/lib/module/assets/search-icon.286d67d3f74808a60a78d3ebf1a5fb57.png",
            "key": "troncoso/assets/node_modules/@react-navigation/elements/lib/module/assets/search-icon.286d67d3f74808a60a78d3ebf1a5fb57.png",
            "kms_key_id": null,
            "metadata": {},
            "object_lock_legal_hold_status": "",
            "object_lock_mode": "",
            "object_lock_retain_until_date": "",
            "override_provider": [],
            "region": "us-east-1",
            "server_side_encryption": "AES256",
            "source": "../dist/assets/node_modules/@react-navigation/elements/lib/module/assets/search-icon.286d67d3f74808a60a78d3ebf1a5fb57.png",
            "source_hash": null,
            "storage_class": "STANDARD",
            "tags": {},
            "tags_all": {},
            "version_id": "",
            "website_redirect": ""
          },
          "sensitive_attributes": [],
          "private": "bnVsbA=="
        },
        {
          "index_key": "assets/node_modules/expo-router/assets/arrow_down.017bc6ba3fc25503e5eb5e53826d48a8.png",
          "schema_version": 0,
          "attributes": {
            "acl": null,
            "arn": "arn:aws:s3:::troncoso-public/troncoso/assets/node_modules/expo-router/assets/arrow_down.017bc6ba3fc25503e5eb5e53826d48a8.png",
            "bucket": "troncoso-public",
            "bucket_key_enabled": false,
            "cache_control": "",
            "checksum_algorithm": null,
            "checksum_crc32": "",
            "checksum_crc32c": "",
            "checksum_crc64nvme": "",
            "checksum_sha1": "",
            "checksum_sha256": "",
            "content": null,
            "content_base64": null,
            "content_disposition": "",
            "content_encoding": "",
            "content_language": "",
            "content_type": "image/png",
            "etag": "017bc6ba3fc25503e5eb5e53826d48a8",
            "force_destroy": false,
            "id": "troncoso-public/troncoso/assets/node_modules/expo-router/assets/arrow_down.017bc6ba3fc25503e5eb5e53826d48a8.png",
            "key": "troncoso/assets/node_modules/expo-router/assets/arrow_down.017bc6ba3fc25503e5eb5e53826d48a8.png",
            "kms_key_id": null,
            "metadata": {},
            "object_lock_legal_hold_status": "",
            "object_lock_mode": "",
            "object_lock_retain_until_date": "",
            "override_provider": [],
            "region": "us-east-1",
            "server_side_encryption": "AES256",
            "source": "../dist/assets/node_modules/expo-router/assets/arrow_down.017bc6ba3fc25503e5eb5e53826d48a8.png",
            "source_hash": null,
            "storage_class": "STANDARD",
            "tags": {},
            "tags_all": {},
            "version_id": "",
            "website_redirect": ""
          },
          "sensitive_attributes": [],
          "private": "bnVsbA=="
        },
        {
          "index_key": "assets/node_modules/expo-router/assets/error.d1ea1496f9057eb392d5bbf3732a61b7.png",
          "schema_version": 0,
          "attributes": {
            "acl": null,
            "arn": "arn:aws:s3:::troncoso-public/troncoso/assets/node_modules/expo-router/assets/error.d1ea1496f9057eb392d5bbf3732a61b7.png",
            "bucket": "troncoso-public",
            "bucket_key_enabled": false,
            "cache_control": "",
            "checksum_algorithm": null,
            "checksum_crc32": "",
            "checksum_crc32c": "",
            "checksum_crc64nvme": "",
            "checksum_sha1": "",
            "checksum_sha256": "",
            "content": null,
            "content_base64": null,
            "content_disposition": "",
            "content_encoding": "",
            "content_language": "",
            "content_type": "image/png",
            "etag": "d1ea1496f9057eb392d5bbf3732a61b7",
            "force_destroy": false,
            "id": "troncoso-public/troncoso/assets/node_modules/expo-router/assets/error.d1ea1496f9057eb392d5bbf3732a61b7.png",
            "key": "troncoso/assets/node_modules/expo-router/assets/error.d1ea1496f9057eb392d5bbf3732a61b7.png",
            "kms_key_id": null,
            "metadata": {},
            "object_lock_legal_hold_status": "",
            "object_lock_mode": "",
            "object_lock_retain_until_date": "",
            "override_provider": [],
            "region": "us-east-1",
            "server_side_encryption": "AES256",
            "source": "../dist/assets/node_modules/expo-router/assets/error.d1ea1496f9057eb392d5bbf3732a61b7.png",
            "source_hash": null,
            "storage_class": "STANDARD",
            "tags": {},
            "tags_all": {},
            "version_id": "",
            "website_redirect": ""
          },
          "sensitive_attributes": [],
          "private": "bnVsbA=="
        },
        {
          "index_key": "assets/node_modules/expo-router/assets/file.19eeb73b9593a38f8e9f418337fc7d10.png",
          "schema_version": 0,
          "attributes": {
            "acl": null,
            "arn": "arn:aws:s3:::troncoso-public/troncoso/assets/node_modules/expo-router/assets/file.19eeb73b9593a38f8e9f418337fc7d10.png",
            "bucket": "troncoso-public",
            "bucket_key_enabled": false,
            "cache_control": "",
            "checksum_algorithm": null,
            "checksum_crc32": "",
            "checksum_crc32c": "",
            "checksum_crc64nvme": "",
            "checksum_sha1": "",
            "checksum_sha256": "",
            "content": null,
            "content_base64": null,
            "content_disposition": "",
            "content_encoding": "",
            "content_language": "",
            "content_type": "image/png",
            "etag": "19eeb73b9593a38f8e9f418337fc7d10",
            "force_destroy": false,
            "id": "troncoso-public/troncoso/assets/node_modules/expo-router/assets/file.19eeb73b9593a38f8e9f418337fc7d10.png",
            "key": "troncoso/assets/node_modules/expo-router/assets/file.19eeb73b9593a38f8e9f418337fc7d10.png",
            "kms_key_id": null,
            "metadata": {},
            "object_lock_legal_hold_status": "",
            "object_lock_mode": "",
            "object_lock_retain_until_date": "",
            "override_provider": [],
            "region": "us-east-1",
            "server_side_encryption": "AES256",
            "source": "../dist/assets/node_modules/expo-router/assets/file.19eeb73b9593a38f8e9f418337fc7d10.png",
            "source_hash": null,
            "storage_class": "STANDARD",
            "tags": {},
            "tags_all": {},
            "version_id": "",
            "website_redirect": ""
          },
          "sensitive_attributes": [],
          "private": "bnVsbA=="
        },
        {
          "index_key": "assets/node_modules/expo-router/assets/forward.d8b800c443b8972542883e0b9de2bdc6.png",
          "schema_version": 0,
          "attributes": {
            "acl": null,
            "arn": "arn:aws:s3:::troncoso-public/troncoso/assets/node_modules/expo-router/assets/forward.d8b800c443b8972542883e0b9de2bdc6.png",
            "bucket": "troncoso-public",
            "bucket_key_enabled": false,
            "cache_control": "",
            "checksum_algorithm": null,
            "checksum_crc32": "",
            "checksum_crc32c": "",
            "checksum_crc64nvme": "",
            "checksum_sha1": "",
            "checksum_sha256": "",
            "content": null,
            "content_base64": null,
            "content_disposition": "",
            "content_encoding": "",
            "content_language": "",
            "content_type": "image/png",
            "etag": "d8b800c443b8972542883e0b9de2bdc6",
            "force_destroy": false,
            "id": "troncoso-public/troncoso/assets/node_modules/expo-router/assets/forward.d8b800c443b8972542883e0b9de2bdc6.png",
            "key": "troncoso/assets/node_modules/expo-router/assets/forward.d8b800c443b8972542883e0b9de2bdc6.png",
            "kms_key_id": null,
            "metadata": {},
            "object_lock_legal_hold_status": "",
            "object_lock_mode": "",
            "object_lock_retain_until_date": "",
            "override_provider": [],
            "region": "us-east-1",
            "server_side_encryption": "AES256",
            "source": "../dist/assets/node_modules/expo-router/assets/forward.d8b800c443b8972542883e0b9de2bdc6.png",
            "source_hash": null,
            "storage_class": "STANDARD",
            "tags": {},
            "tags_all": {},
            "version_id": "",
            "website_redirect": ""
          },
          "sensitive_attributes": [],
          "private": "bnVsbA=="
        },
        {
          "index_key": "assets/node_modules/expo-router/assets/pkg.ab19f4cbc543357183a20571f68380a3.png",
          "schema_version": 0,
          "attributes": {
            "acl": null,
            "arn": "arn:aws:s3:::troncoso-public/troncoso/assets/node_modules/expo-router/assets/pkg.ab19f4cbc543357183a20571f68380a3.png",
            "bucket": "troncoso-public",
            "bucket_key_enabled": false,
            "cache_control": "",
            "checksum_algorithm": null,
            "checksum_crc32": "",
            "checksum_crc32c": "",
            "checksum_crc64nvme": "",
            "checksum_sha1": "",
            "checksum_sha256": "",
            "content": null,
            "content_base64": null,
            "content_disposition": "",
            "content_encoding": "",
            "content_language": "",
            "content_type": "image/png",
            "etag": "ab19f4cbc543357183a20571f68380a3",
            "force_destroy": false,
            "id": "troncoso-public/troncoso/assets/node_modules/expo-router/assets/pkg.ab19f4cbc543357183a20571f68380a3.png",
            "key": "troncoso/assets/node_modules/expo-router/assets/pkg.ab19f4cbc543357183a20571f68380a3.png",
            "kms_key_id": null,
            "metadata": {},
            "object_lock_legal_hold_status": "",
            "object_lock_mode": "",
            "object_lock_retain_until_date": "",
            "override_provider": [],
            "region": "us-east-1",
            "server_side_encryption": "AES256",
            "source": "../dist/assets/node_modules/expo-router/assets/pkg.ab19f4cbc543357183a20571f68380a3.png",
            "source_hash": null,
            "storage_class": "STANDARD",
            "tags": {},
            "tags_all": {},
            "version_id": "",
            "website_redirect": ""
          },
          "sensitive_attributes": [],
          "private": "bnVsbA=="
        },
        {
          "index_key": "assets/node_modules/expo-router/assets/sitemap.412dd9275b6b48ad28f5e3d81bb1f626.png",
          "schema_version": 0,
          "attributes": {
            "acl": null,
            "arn": "arn:aws:s3:::troncoso-public/troncoso/assets/node_modules/expo-router/assets/sitemap.412dd9275b6b48ad28f5e3d81bb1f626.png",
            "bucket": "troncoso-public",
            "bucket_key_enabled": false,
            "cache_control": "",
            "checksum_algorithm": null,
            "checksum_crc32": "",
            "checksum_crc32c": "",
            "checksum_crc64nvme": "",
            "checksum_sha1": "",
            "checksum_sha256": "",
            "content": null,
            "content_base64": null,
            "content_disposition": "",
            "content_encoding": "",
            "content_language": "",
            "content_type": "image/png",
            "etag": "412dd9275b6b48ad28f5e3d81bb1f626",
            "force_destroy": false,
            "id": "troncoso-public/troncoso/assets/node_modules/expo-router/assets/sitemap.412dd9275b6b48ad28f5e3d81bb1f626.png",
            "key": "troncoso/assets/node_modules/expo-router/assets/sitemap.412dd9275b6b48ad28f5e3d81bb1f626.png",
            "kms_key_id": null,
            "metadata": {},
            "object_lock_legal_hold_status": "",
            "object_lock_mode": "",
            "object_lock_retain_until_date": "",
            "override_provider": [],
            "region": "us-east-1",
            "server_side_encryption": "AES256",
            "source": "../dist/assets/node_modules/expo-router/assets/sitemap.412dd9275b6b48ad28f5e3d81bb1f626.png",
            "source_hash": null,
            "storage_class": "STANDARD",
            "tags": {},
            "tags_all": {},
            "version_id": "",
            "website_redirect": ""
          },
          "sensitive_attributes": [],
          "private": "bnVsbA=="
        },
        {
          "index_key": "assets/node_modules/expo-router/assets/unmatched.20e71bdf79e3a97bf55fd9e164041578.png",
          "schema_version": 0,
          "attributes": {
            "acl": null,
            "arn": "arn:aws:s3:::troncoso-public/troncoso/assets/node_modules/expo-router/assets/unmatched.20e71bdf79e3a97bf55fd9e164041578.png",
            "bucket": "troncoso-public",
            "bucket_key_enabled": false,
            "cache_control": "",
            "checksum_algorithm": null,
            "checksum_crc32": "",
            "checksum_crc32c": "",
            "checksum_crc64nvme": "",
            "checksum_sha1": "",
            "checksum_sha256": "",
            "content": null,
            "content_base64": null,
            "content_disposition": "",
            "content_encoding": "",
            "content_language": "",
            "content_type": "image/png",
            "etag": "20e71bdf79e3a97bf55fd9e164041578",
            "force_destroy": false,
            "id": "troncoso-public/troncoso/assets/node_modules/expo-router/assets/unmatched.20e71bdf79e3a97bf55fd9e164041578.png",
            "key": "troncoso/assets/node_modules/expo-router/assets/unmatched.20e71bdf79e3a97bf55fd9e164041578.png",
            "kms_key_id": null,
            "metadata": {},
            "object_lock_legal_hold_status": "",
            "object_lock_mode": "",
            "object_lock_retain_until_date": "",
            "override_provider": [],
            "region": "us-east-1",
            "server_side_encryption": "AES256",
            "source": "../dist/assets/node_modules/expo-router/assets/unmatched.20e71bdf79e3a97bf55fd9e164041578.png",
            "source_hash": null,
            "storage_class": "STANDARD",
            "tags": {},
            "tags_all": {},
            "version_id": "",
            "website_redirect": ""
          },
          "sensitive_attributes": [],
          "private": "bnVsbA=="
        },
        {
          "index_key": "details.html",
          "schema_version": 0,
          "attributes": {
            "acl": null,
            "arn": "arn:aws:s3:::troncoso-public/troncoso/details.html",
            "bucket": "troncoso-public",
            "bucket_key_enabled": false,
            "cache_control": "",
            "checksum_algorithm": null,
            "checksum_crc32": "",
            "checksum_crc32c": "",
            "checksum_crc64nvme": "",
            "checksum_sha1": "",
            "checksum_sha256": "",
            "content": null,
            "content_base64": null,
            "content_disposition": "",
            "content_encoding": "",
            "content_language": "",
            "content_type": "text/html",
            "etag": "774c3018cb4b86a67c4f096cb2155e90",
            "force_destroy": false,
            "id": "troncoso-public/troncoso/details.html",
            "key": "troncoso/details.html",
            "kms_key_id": null,
            "metadata": {},
            "object_lock_legal_hold_status": "",
            "object_lock_mode": "",
            "object_lock_retain_until_date": "",
            "override_provider": [],
            "region": "us-east-1",
            "server_side_encryption": "AES256",
            "source": "../dist/details.html",
            "source_hash": null,
            "storage_class": "STANDARD",
            "tags": {},
            "tags_all": {},
            "version_id": "",
            "website_redirect": ""
          },
          "sensitive_attributes": [],
          "private": "bnVsbA=="
        },
        {
          "index_key": "favicon.ico",
          "schema_version": 0,
          "attributes": {
            "acl": null,
            "arn": "arn:aws:s3:::troncoso-public/troncoso/favicon.ico",
            "bucket": "troncoso-public",
            "bucket_key_enabled": false,
            "cache_control": "",
            "checksum_algorithm": null,
            "checksum_crc32": "",
            "checksum_crc32c": "",
            "checksum_crc64nvme": "",
            "checksum_sha1": "",
            "checksum_sha256": "",
            "content": null,
            "content_base64": null,
            "content_disposition": "",
            "content_encoding": "",
            "content_language": "",
            "content_type": "image/vnd.microsoft.icon",
            "etag": "50b1bd72d8b0c569ffcad83d622ec176",
            "force_destroy": false,
            "id": "troncoso-public/troncoso/favicon.ico",
            "key": "troncoso/favicon.ico",
            "kms_key_id": null,
            "metadata": {},
            "object_lock_legal_hold_status": "",
            "object_lock_mode": "",
            "object_lock_retain_until_date": "",
            "override_provider": [],
            "region": "us-east-1",
            "server_side_encryption": "AES256",
            "source": "../dist/favicon.ico",
            "source_hash": null,
            "storage_class": "STANDARD",
            "tags": {},
            "tags_all": {},
            "version_id": "",
            "website_redirect": ""
          },
          "sensitive_attributes": [],
          "private": "bnVsbA=="
        },
        {
          "index_key": "index.html",
          "schema_version": 0,
          "attributes": {
            "acl": null,
            "arn": "arn:aws:s3:::troncoso-public/troncoso/index.html",
            "bucket": "troncoso-public",
            "bucket_key_enabled": false,
            "cache_control": "",
            "checksum_algorithm": null,
            "checksum_crc32": "",
            "checksum_crc32c": "",
            "checksum_crc64nvme": "",
            "checksum_sha1": "",
            "checksum_sha256": "",
            "content": null,
            "content_base64": null,
            "content_disposition": "",
            "content_encoding": "",
            "content_language": "",
            "content_type": "text/html",
            "etag": "8bd08316a0d8c5eea99c9959c1390b54",
            "force_destroy": false,
            "id": "troncoso-public/troncoso/index.html",
            "key": "troncoso/index.html",
            "kms_key_id": null,
            "metadata": {},
            "object_lock_legal_hold_status": "",
            "object_lock_mode": "",
            "object_lock_retain_until_date": "",
            "override_provider": [],
            "region": "us-east-1",
            "server_side_encryption": "AES256",
            "source": "../dist/index.html",
            "source_hash": null,
            "storage_class": "STANDARD",
            "tags": {},
            "tags_all": {},
            "version_id": "",
            "website_redirect": ""
          },
          "sensitive_attributes": [],
          "private": "bnVsbA=="
        }
      ]
    }
  ],
  "check_results": null
}
